
Microsoft Visual Studio Solution File, Format Version 12.00
# Visual Studio Version 17
VisualStudioVersion = 17.3.32819.101
MinimumVisualStudioVersion = 10.0.40219.1
Project("{FAE04EC0-301F-11D3-BF4B-00C04F79EFBC}") = "PublicUtility.Nms", "PublicUtility.Nms.csproj", "{0A39C985-94EC-4625-94FA-41D704392761}"
EndProject
Global
	GlobalSection(SolutionConfigurationPlatforms) = preSolution
		Debug|Any CPU = Debug|Any CPU
		Release|Any CPU = Release|Any CPU
	EndGlobalSection
	GlobalSection(ProjectConfigurationPlatforms) = postSolution
		{0A39C985-94EC-4625-94FA-41D704392761}.Debug|Any CPU.ActiveCfg = Debug|Any CPU
		{0A39C985-94EC-4625-94FA-41D704392761}.Debug|Any CPU.Build.0 = Debug|Any CPU
		{0A39C985-94EC-4625-94FA-41D704392761}.Release|Any CPU.ActiveCfg = Release|Any CPU
		{0A39C985-94EC-4625-94FA-41D704392761}.Release|Any CPU.Build.0 = Release|Any CPU
	EndGlobalSection
	GlobalSection(SolutionProperties) = preSolution
		HideSolutionNode = FALSE
	EndGlobalSection
	GlobalSection(ExtensibilityGlobals) = postSolution
		SolutionGuid = {1EC15273-3410-4E22-A4A3-F74B3051FD07}
	EndGlobalSection
EndGlobal
